
Microsoft Visual Studio Solution File, Format Version 12.00
# Visual Studio Version 17
VisualStudioVersion = 17.10.35122.118
MinimumVisualStudioVersion = 10.0.40219.1
Project("{FAE04EC0-301F-11D3-BF4B-00C04F79EFBC}") = "JWT", "JWT\JWT.csproj", "{7FC4100E-0BF9-4EC3-9AEC-936B1E42E5F6}"
EndProject
Global
	GlobalSection(SolutionConfigurationPlatforms) = preSolution
		Debug|Any CPU = Debug|Any CPU
		Release|Any CPU = Release|Any CPU
	EndGlobalSection
	GlobalSection(ProjectConfigurationPlatforms) = postSolution
		{7FC4100E-0BF9-4EC3-9AEC-936B1E42E5F6}.Debug|Any CPU.ActiveCfg = Debug|Any CPU
		{7FC4100E-0BF9-4EC3-9AEC-936B1E42E5F6}.Debug|Any CPU.Build.0 = Debug|Any CPU
		{7FC4100E-0BF9-4EC3-9AEC-936B1E42E5F6}.Release|Any CPU.ActiveCfg = Release|Any CPU
		{7FC4100E-0BF9-4EC3-9AEC-936B1E42E5F6}.Release|Any CPU.Build.0 = Release|Any CPU
	EndGlobalSection
	GlobalSection(SolutionProperties) = preSolution
		HideSolutionNode = FALSE
	EndGlobalSection
	GlobalSection(ExtensibilityGlobals) = postSolution
		SolutionGuid = {7AD3F5DC-1A1E-4D9F-8001-3F1419D47BB4}
	EndGlobalSection
EndGlobal
